
Microsoft Visual Studio Solution File, Format Version 12.00
# Visual Studio 15
Project("{FAE04EC0-301F-11D3-BF4B-00C04F79EFBC}") = "VRM10.Tests", "VRM10.Tests.csproj", "{ACF9D6B1-4790-D848-51C2-DE1EBF4D3E32}"
EndProject
Project("{FAE04EC0-301F-11D3-BF4B-00C04F79EFBC}") = "Mirror.Examples", "Mirror.Examples.csproj", "{5C4824BF-33CA-052F-6CE9-BE29737FF633}"
EndProject
Project("{FAE04EC0-301F-11D3-BF4B-00C04F79EFBC}") = "Mirror", "Mirror.csproj", "{EAAA6F0C-2A2D-D399-7B37-5F6CB0358B12}"
EndProject
Project("{FAE04EC0-301F-11D3-BF4B-00C04F79EFBC}") = "UniHumanoid", "UniHumanoid.csproj", "{1EEC83DF-7B32-C54C-A333-08CDDA2D4A27}"
EndProject
Project("{FAE04EC0-301F-11D3-BF4B-00C04F79EFBC}") = "Edgegap", "Edgegap.csproj", "{C88BD446-1C1D-71AC-6774-B8B8A0898EE3}"
EndProject
Project("{FAE04EC0-301F-11D3-BF4B-00C04F79EFBC}") = "VRM10.Editor", "VRM10.Editor.csproj", "{9C408FEA-E62F-74E3-B6CA-F654D033B7B2}"
EndProject
Project("{FAE04EC0-301F-11D3-BF4B-00C04F79EFBC}") = "Mirror.Transports", "Mirror.Transports.csproj", "{F1C9949F-AB4F-F60A-7250-E1BB4EA92DF2}"
EndProject
Project("{FAE04EC0-301F-11D3-BF4B-00C04F79EFBC}") = "Assembly-CSharp", "Assembly-CSharp.csproj", "{A37C4208-5DE0-E1D4-7226-3CAF111D2C07}"
EndProject
Project("{FAE04EC0-301F-11D3-BF4B-00C04F79EFBC}") = "Mirror.Components", "Mirror.Components.csproj", "{9869E418-B810-F1EB-1785-19FE4ED5B677}"
EndProject
Project("{FAE04EC0-301F-11D3-BF4B-00C04F79EFBC}") = "SpringBoneJobs", "SpringBoneJobs.csproj", "{925A1796-C8E5-2408-3CB2-F6E89636CACA}"
EndProject
Project("{FAE04EC0-301F-11D3-BF4B-00C04F79EFBC}") = "UniGLTF.Editor", "UniGLTF.Editor.csproj", "{6EC7F108-7B9F-FD7A-BF1B-BEDF2494147C}"
EndProject
Project("{FAE04EC0-301F-11D3-BF4B-00C04F79EFBC}") = "UniGLTF", "UniGLTF.csproj", "{3429A0DF-658F-0618-AD8F-47C27CC368E3}"
EndProject
Project("{FAE04EC0-301F-11D3-BF4B-00C04F79EFBC}") = "Unity.Mirror.CodeGen", "Unity.Mirror.CodeGen.csproj", "{372CB1EA-5C7B-2E72-9F36-877A1A906F8D}"
EndProject
Project("{FAE04EC0-301F-11D3-BF4B-00C04F79EFBC}") = "VRM10", "VRM10.csproj", "{1E0B10E1-1338-B7F8-5B56-3D810B54E730}"
EndProject
Project("{FAE04EC0-301F-11D3-BF4B-00C04F79EFBC}") = "UniGLTF.Tests", "UniGLTF.Tests.csproj", "{86504982-4C76-6950-B853-F250FB161BA1}"
EndProject
Project("{FAE04EC0-301F-11D3-BF4B-00C04F79EFBC}") = "Mirror.Editor", "Mirror.Editor.csproj", "{E0854255-8F32-7904-5F2C-C1687ED3B874}"
EndProject
Project("{FAE04EC0-301F-11D3-BF4B-00C04F79EFBC}") = "VRM10.MToon10", "VRM10.MToon10.csproj", "{7114643E-FA6C-1BCE-4036-26BAB6576344}"
EndProject
Project("{FAE04EC0-301F-11D3-BF4B-00C04F79EFBC}") = "Telepathy", "Telepathy.csproj", "{2017AE68-6FA2-D719-7615-52BEDE418395}"
EndProject
Project("{FAE04EC0-301F-11D3-BF4B-00C04F79EFBC}") = "SimpleWebTransport", "SimpleWebTransport.csproj", "{53778569-B7C1-238D-4472-C3B21D3DD7AD}"
EndProject
Project("{FAE04EC0-301F-11D3-BF4B-00C04F79EFBC}") = "kcp2k", "kcp2k.csproj", "{D92795DB-DEE3-A956-40AA-A42590245EAE}"
EndProject
Project("{FAE04EC0-301F-11D3-BF4B-00C04F79EFBC}") = "VrmLib", "VrmLib.csproj", "{C38A30FE-E7BC-E84C-1486-B71FD0B4B377}"
EndProject
Project("{FAE04EC0-301F-11D3-BF4B-00C04F79EFBC}") = "UniHumanoid.Editor", "UniHumanoid.Editor.csproj", "{8D5F2816-3016-BEB3-7E77-07F6BA05F8BD}"
EndProject
Project("{FAE04EC0-301F-11D3-BF4B-00C04F79EFBC}") = "VrmLibTests", "VrmLibTests.csproj", "{887CB62A-4C8F-2298-14D0-7AD80FB57C32}"
EndProject
Project("{FAE04EC0-301F-11D3-BF4B-00C04F79EFBC}") = "Mirror.Authenticators", "Mirror.Authenticators.csproj", "{3982817F-AA32-B475-2179-913D608ED95E}"
EndProject
Project("{FAE04EC0-301F-11D3-BF4B-00C04F79EFBC}") = "UniGLTF.UniUnlit", "UniGLTF.UniUnlit.csproj", "{4F3B3DBD-F789-F4D0-1E5D-C450B00875DE}"
EndProject
Project("{FAE04EC0-301F-11D3-BF4B-00C04F79EFBC}") = "FastSpringBone10", "FastSpringBone10.csproj", "{8EDE1C4D-84B0-0DC2-84EE-8E228C5C1829}"
EndProject
Project("{FAE04EC0-301F-11D3-BF4B-00C04F79EFBC}") = "UniHumanoid.Editor.Tests", "UniHumanoid.Editor.Tests.csproj", "{54648AC5-4BF4-F3C3-C3CC-DC2BD9E5F7B0}"
EndProject
Project("{FAE04EC0-301F-11D3-BF4B-00C04F79EFBC}") = "EncryptionTransportEditor", "EncryptionTransportEditor.csproj", "{1F56D889-FD95-B7B4-33A4-EA74FF0203E3}"
EndProject
Project("{FAE04EC0-301F-11D3-BF4B-00C04F79EFBC}") = "UniGLTF.UniUnlit.Editor", "UniGLTF.UniUnlit.Editor.csproj", "{204EC853-AB43-A665-FDAB-CEB5F61978DF}"
EndProject
Project("{FAE04EC0-301F-11D3-BF4B-00C04F79EFBC}") = "UniGLTF.Utils", "UniGLTF.Utils.csproj", "{7B998198-34BD-720A-84BB-82B9AC53D2AA}"
EndProject
Project("{FAE04EC0-301F-11D3-BF4B-00C04F79EFBC}") = "VRM10.MToon10.Editor", "VRM10.MToon10.Editor.csproj", "{9F8C7A7E-B566-61D4-553A-EFDA440367AF}"
EndProject
Project("{FAE04EC0-301F-11D3-BF4B-00C04F79EFBC}") = "Mirror.CompilerSymbols", "Mirror.CompilerSymbols.csproj", "{EB769402-6F76-63BC-89E0-0A530F79D4F6}"
EndProject
Project("{FAE04EC0-301F-11D3-BF4B-00C04F79EFBC}") = "VRM10.MToon10.Tests", "VRM10.MToon10.Tests.csproj", "{8251C923-3A94-F29D-53E1-8F39249D21F9}"
EndProject
Global
	GlobalSection(SolutionConfigurationPlatforms) = preSolution
		Debug|Any CPU = Debug|Any CPU
		Release|Any CPU = Release|Any CPU
	EndGlobalSection
	GlobalSection(ProjectConfigurationPlatforms) = postSolution
		{ACF9D6B1-4790-D848-51C2-DE1EBF4D3E32}.Debug|Any CPU.ActiveCfg = Debug|Any CPU
		{ACF9D6B1-4790-D848-51C2-DE1EBF4D3E32}.Debug|Any CPU.Build.0 = Debug|Any CPU
		{ACF9D6B1-4790-D848-51C2-DE1EBF4D3E32}.Release|Any CPU.ActiveCfg = Release|Any CPU
		{ACF9D6B1-4790-D848-51C2-DE1EBF4D3E32}.Release|Any CPU.Build.0 = Release|Any CPU
		{5C4824BF-33CA-052F-6CE9-BE29737FF633}.Debug|Any CPU.ActiveCfg = Debug|Any CPU
		{5C4824BF-33CA-052F-6CE9-BE29737FF633}.Debug|Any CPU.Build.0 = Debug|Any CPU
		{5C4824BF-33CA-052F-6CE9-BE29737FF633}.Release|Any CPU.ActiveCfg = Release|Any CPU
		{5C4824BF-33CA-052F-6CE9-BE29737FF633}.Release|Any CPU.Build.0 = Release|Any CPU
		{EAAA6F0C-2A2D-D399-7B37-5F6CB0358B12}.Debug|Any CPU.ActiveCfg = Debug|Any CPU
		{EAAA6F0C-2A2D-D399-7B37-5F6CB0358B12}.Debug|Any CPU.Build.0 = Debug|Any CPU
		{EAAA6F0C-2A2D-D399-7B37-5F6CB0358B12}.Release|Any CPU.ActiveCfg = Release|Any CPU
		{EAAA6F0C-2A2D-D399-7B37-5F6CB0358B12}.Release|Any CPU.Build.0 = Release|Any CPU
		{1EEC83DF-7B32-C54C-A333-08CDDA2D4A27}.Debug|Any CPU.ActiveCfg = Debug|Any CPU
		{1EEC83DF-7B32-C54C-A333-08CDDA2D4A27}.Debug|Any CPU.Build.0 = Debug|Any CPU
		{1EEC83DF-7B32-C54C-A333-08CDDA2D4A27}.Release|Any CPU.ActiveCfg = Release|Any CPU
		{1EEC83DF-7B32-C54C-A333-08CDDA2D4A27}.Release|Any CPU.Build.0 = Release|Any CPU
		{C88BD446-1C1D-71AC-6774-B8B8A0898EE3}.Debug|Any CPU.ActiveCfg = Debug|Any CPU
		{C88BD446-1C1D-71AC-6774-B8B8A0898EE3}.Debug|Any CPU.Build.0 = Debug|Any CPU
		{C88BD446-1C1D-71AC-6774-B8B8A0898EE3}.Release|Any CPU.ActiveCfg = Release|Any CPU
		{C88BD446-1C1D-71AC-6774-B8B8A0898EE3}.Release|Any CPU.Build.0 = Release|Any CPU
		{9C408FEA-E62F-74E3-B6CA-F654D033B7B2}.Debug|Any CPU.ActiveCfg = Debug|Any CPU
		{9C408FEA-E62F-74E3-B6CA-F654D033B7B2}.Debug|Any CPU.Build.0 = Debug|Any CPU
		{9C408FEA-E62F-74E3-B6CA-F654D033B7B2}.Release|Any CPU.ActiveCfg = Release|Any CPU
		{9C408FEA-E62F-74E3-B6CA-F654D033B7B2}.Release|Any CPU.Build.0 = Release|Any CPU
		{F1C9949F-AB4F-F60A-7250-E1BB4EA92DF2}.Debug|Any CPU.ActiveCfg = Debug|Any CPU
		{F1C9949F-AB4F-F60A-7250-E1BB4EA92DF2}.Debug|Any CPU.Build.0 = Debug|Any CPU
		{F1C9949F-AB4F-F60A-7250-E1BB4EA92DF2}.Release|Any CPU.ActiveCfg = Release|Any CPU
		{F1C9949F-AB4F-F60A-7250-E1BB4EA92DF2}.Release|Any CPU.Build.0 = Release|Any CPU
		{A37C4208-5DE0-E1D4-7226-3CAF111D2C07}.Debug|Any CPU.ActiveCfg = Debug|Any CPU
		{A37C4208-5DE0-E1D4-7226-3CAF111D2C07}.Debug|Any CPU.Build.0 = Debug|Any CPU
		{A37C4208-5DE0-E1D4-7226-3CAF111D2C07}.Release|Any CPU.ActiveCfg = Release|Any CPU
		{A37C4208-5DE0-E1D4-7226-3CAF111D2C07}.Release|Any CPU.Build.0 = Release|Any CPU
		{9869E418-B810-F1EB-1785-19FE4ED5B677}.Debug|Any CPU.ActiveCfg = Debug|Any CPU
		{9869E418-B810-F1EB-1785-19FE4ED5B677}.Debug|Any CPU.Build.0 = Debug|Any CPU
		{9869E418-B810-F1EB-1785-19FE4ED5B677}.Release|Any CPU.ActiveCfg = Release|Any CPU
		{9869E418-B810-F1EB-1785-19FE4ED5B677}.Release|Any CPU.Build.0 = Release|Any CPU
		{925A1796-C8E5-2408-3CB2-F6E89636CACA}.Debug|Any CPU.ActiveCfg = Debug|Any CPU
		{925A1796-C8E5-2408-3CB2-F6E89636CACA}.Debug|Any CPU.Build.0 = Debug|Any CPU
		{925A1796-C8E5-2408-3CB2-F6E89636CACA}.Release|Any CPU.ActiveCfg = Release|Any CPU
		{925A1796-C8E5-2408-3CB2-F6E89636CACA}.Release|Any CPU.Build.0 = Release|Any CPU
		{6EC7F108-7B9F-FD7A-BF1B-BEDF2494147C}.Debug|Any CPU.ActiveCfg = Debug|Any CPU
		{6EC7F108-7B9F-FD7A-BF1B-BEDF2494147C}.Debug|Any CPU.Build.0 = Debug|Any CPU
		{6EC7F108-7B9F-FD7A-BF1B-BEDF2494147C}.Release|Any CPU.ActiveCfg = Release|Any CPU
		{6EC7F108-7B9F-FD7A-BF1B-BEDF2494147C}.Release|Any CPU.Build.0 = Release|Any CPU
		{3429A0DF-658F-0618-AD8F-47C27CC368E3}.Debug|Any CPU.ActiveCfg = Debug|Any CPU
		{3429A0DF-658F-0618-AD8F-47C27CC368E3}.Debug|Any CPU.Build.0 = Debug|Any CPU
		{3429A0DF-658F-0618-AD8F-47C27CC368E3}.Release|Any CPU.ActiveCfg = Release|Any CPU
		{3429A0DF-658F-0618-AD8F-47C27CC368E3}.Release|Any CPU.Build.0 = Release|Any CPU
		{372CB1EA-5C7B-2E72-9F36-877A1A906F8D}.Debug|Any CPU.ActiveCfg = Debug|Any CPU
		{372CB1EA-5C7B-2E72-9F36-877A1A906F8D}.Debug|Any CPU.Build.0 = Debug|Any CPU
		{372CB1EA-5C7B-2E72-9F36-877A1A906F8D}.Release|Any CPU.ActiveCfg = Release|Any CPU
		{372CB1EA-5C7B-2E72-9F36-877A1A906F8D}.Release|Any CPU.Build.0 = Release|Any CPU
		{1E0B10E1-1338-B7F8-5B56-3D810B54E730}.Debug|Any CPU.ActiveCfg = Debug|Any CPU
		{1E0B10E1-1338-B7F8-5B56-3D810B54E730}.Debug|Any CPU.Build.0 = Debug|Any CPU
		{1E0B10E1-1338-B7F8-5B56-3D810B54E730}.Release|Any CPU.ActiveCfg = Release|Any CPU
		{1E0B10E1-1338-B7F8-5B56-3D810B54E730}.Release|Any CPU.Build.0 = Release|Any CPU
		{86504982-4C76-6950-B853-F250FB161BA1}.Debug|Any CPU.ActiveCfg = Debug|Any CPU
		{86504982-4C76-6950-B853-F250FB161BA1}.Debug|Any CPU.Build.0 = Debug|Any CPU
		{86504982-4C76-6950-B853-F250FB161BA1}.Release|Any CPU.ActiveCfg = Release|Any CPU
		{86504982-4C76-6950-B853-F250FB161BA1}.Release|Any CPU.Build.0 = Release|Any CPU
		{E0854255-8F32-7904-5F2C-C1687ED3B874}.Debug|Any CPU.ActiveCfg = Debug|Any CPU
		{E0854255-8F32-7904-5F2C-C1687ED3B874}.Debug|Any CPU.Build.0 = Debug|Any CPU
		{E0854255-8F32-7904-5F2C-C1687ED3B874}.Release|Any CPU.ActiveCfg = Release|Any CPU
		{E0854255-8F32-7904-5F2C-C1687ED3B874}.Release|Any CPU.Build.0 = Release|Any CPU
		{7114643E-FA6C-1BCE-4036-26BAB6576344}.Debug|Any CPU.ActiveCfg = Debug|Any CPU
		{7114643E-FA6C-1BCE-4036-26BAB6576344}.Debug|Any CPU.Build.0 = Debug|Any CPU
		{7114643E-FA6C-1BCE-4036-26BAB6576344}.Release|Any CPU.ActiveCfg = Release|Any CPU
		{7114643E-FA6C-1BCE-4036-26BAB6576344}.Release|Any CPU.Build.0 = Release|Any CPU
		{2017AE68-6FA2-D719-7615-52BEDE418395}.Debug|Any CPU.ActiveCfg = Debug|Any CPU
		{2017AE68-6FA2-D719-7615-52BEDE418395}.Debug|Any CPU.Build.0 = Debug|Any CPU
		{2017AE68-6FA2-D719-7615-52BEDE418395}.Release|Any CPU.ActiveCfg = Release|Any CPU
		{2017AE68-6FA2-D719-7615-52BEDE418395}.Release|Any CPU.Build.0 = Release|Any CPU
		{53778569-B7C1-238D-4472-C3B21D3DD7AD}.Debug|Any CPU.ActiveCfg = Debug|Any CPU
		{53778569-B7C1-238D-4472-C3B21D3DD7AD}.Debug|Any CPU.Build.0 = Debug|Any CPU
		{53778569-B7C1-238D-4472-C3B21D3DD7AD}.Release|Any CPU.ActiveCfg = Release|Any CPU
		{53778569-B7C1-238D-4472-C3B21D3DD7AD}.Release|Any CPU.Build.0 = Release|Any CPU
		{D92795DB-DEE3-A956-40AA-A42590245EAE}.Debug|Any CPU.ActiveCfg = Debug|Any CPU
		{D92795DB-DEE3-A956-40AA-A42590245EAE}.Debug|Any CPU.Build.0 = Debug|Any CPU
		{D92795DB-DEE3-A956-40AA-A42590245EAE}.Release|Any CPU.ActiveCfg = Release|Any CPU
		{D92795DB-DEE3-A956-40AA-A42590245EAE}.Release|Any CPU.Build.0 = Release|Any CPU
		{C38A30FE-E7BC-E84C-1486-B71FD0B4B377}.Debug|Any CPU.ActiveCfg = Debug|Any CPU
		{C38A30FE-E7BC-E84C-1486-B71FD0B4B377}.Debug|Any CPU.Build.0 = Debug|Any CPU
		{C38A30FE-E7BC-E84C-1486-B71FD0B4B377}.Release|Any CPU.ActiveCfg = Release|Any CPU
		{C38A30FE-E7BC-E84C-1486-B71FD0B4B377}.Release|Any CPU.Build.0 = Release|Any CPU
		{8D5F2816-3016-BEB3-7E77-07F6BA05F8BD}.Debug|Any CPU.ActiveCfg = Debug|Any CPU
		{8D5F2816-3016-BEB3-7E77-07F6BA05F8BD}.Debug|Any CPU.Build.0 = Debug|Any CPU
		{8D5F2816-3016-BEB3-7E77-07F6BA05F8BD}.Release|Any CPU.ActiveCfg = Release|Any CPU
		{8D5F2816-3016-BEB3-7E77-07F6BA05F8BD}.Release|Any CPU.Build.0 = Release|Any CPU
		{887CB62A-4C8F-2298-14D0-7AD80FB57C32}.Debug|Any CPU.ActiveCfg = Debug|Any CPU
		{887CB62A-4C8F-2298-14D0-7AD80FB57C32}.Debug|Any CPU.Build.0 = Debug|Any CPU
		{887CB62A-4C8F-2298-14D0-7AD80FB57C32}.Release|Any CPU.ActiveCfg = Release|Any CPU
		{887CB62A-4C8F-2298-14D0-7AD80FB57C32}.Release|Any CPU.Build.0 = Release|Any CPU
		{3982817F-AA32-B475-2179-913D608ED95E}.Debug|Any CPU.ActiveCfg = Debug|Any CPU
		{3982817F-AA32-B475-2179-913D608ED95E}.Debug|Any CPU.Build.0 = Debug|Any CPU
		{3982817F-AA32-B475-2179-913D608ED95E}.Release|Any CPU.ActiveCfg = Release|Any CPU
		{3982817F-AA32-B475-2179-913D608ED95E}.Release|Any CPU.Build.0 = Release|Any CPU
		{4F3B3DBD-F789-F4D0-1E5D-C450B00875DE}.Debug|Any CPU.ActiveCfg = Debug|Any CPU
		{4F3B3DBD-F789-F4D0-1E5D-C450B00875DE}.Debug|Any CPU.Build.0 = Debug|Any CPU
		{4F3B3DBD-F789-F4D0-1E5D-C450B00875DE}.Release|Any CPU.ActiveCfg = Release|Any CPU
		{4F3B3DBD-F789-F4D0-1E5D-C450B00875DE}.Release|Any CPU.Build.0 = Release|Any CPU
		{8EDE1C4D-84B0-0DC2-84EE-8E228C5C1829}.Debug|Any CPU.ActiveCfg = Debug|Any CPU
		{8EDE1C4D-84B0-0DC2-84EE-8E228C5C1829}.Debug|Any CPU.Build.0 = Debug|Any CPU
		{8EDE1C4D-84B0-0DC2-84EE-8E228C5C1829}.Release|Any CPU.ActiveCfg = Release|Any CPU
		{8EDE1C4D-84B0-0DC2-84EE-8E228C5C1829}.Release|Any CPU.Build.0 = Release|Any CPU
		{54648AC5-4BF4-F3C3-C3CC-DC2BD9E5F7B0}.Debug|Any CPU.ActiveCfg = Debug|Any CPU
		{54648AC5-4BF4-F3C3-C3CC-DC2BD9E5F7B0}.Debug|Any CPU.Build.0 = Debug|Any CPU
		{54648AC5-4BF4-F3C3-C3CC-DC2BD9E5F7B0}.Release|Any CPU.ActiveCfg = Release|Any CPU
		{54648AC5-4BF4-F3C3-C3CC-DC2BD9E5F7B0}.Release|Any CPU.Build.0 = Release|Any CPU
		{1F56D889-FD95-B7B4-33A4-EA74FF0203E3}.Debug|Any CPU.ActiveCfg = Debug|Any CPU
		{1F56D889-FD95-B7B4-33A4-EA74FF0203E3}.Debug|Any CPU.Build.0 = Debug|Any CPU
		{1F56D889-FD95-B7B4-33A4-EA74FF0203E3}.Release|Any CPU.ActiveCfg = Release|Any CPU
		{1F56D889-FD95-B7B4-33A4-EA74FF0203E3}.Release|Any CPU.Build.0 = Release|Any CPU
		{204EC853-AB43-A665-FDAB-CEB5F61978DF}.Debug|Any CPU.ActiveCfg = Debug|Any CPU
		{204EC853-AB43-A665-FDAB-CEB5F61978DF}.Debug|Any CPU.Build.0 = Debug|Any CPU
		{204EC853-AB43-A665-FDAB-CEB5F61978DF}.Release|Any CPU.ActiveCfg = Release|Any CPU
		{204EC853-AB43-A665-FDAB-CEB5F61978DF}.Release|Any CPU.Build.0 = Release|Any CPU
		{7B998198-34BD-720A-84BB-82B9AC53D2AA}.Debug|Any CPU.ActiveCfg = Debug|Any CPU
		{7B998198-34BD-720A-84BB-82B9AC53D2AA}.Debug|Any CPU.Build.0 = Debug|Any CPU
		{7B998198-34BD-720A-84BB-82B9AC53D2AA}.Release|Any CPU.ActiveCfg = Release|Any CPU
		{7B998198-34BD-720A-84BB-82B9AC53D2AA}.Release|Any CPU.Build.0 = Release|Any CPU
		{9F8C7A7E-B566-61D4-553A-EFDA440367AF}.Debug|Any CPU.ActiveCfg = Debug|Any CPU
		{9F8C7A7E-B566-61D4-553A-EFDA440367AF}.Debug|Any CPU.Build.0 = Debug|Any CPU
		{9F8C7A7E-B566-61D4-553A-EFDA440367AF}.Release|Any CPU.ActiveCfg = Release|Any CPU
		{9F8C7A7E-B566-61D4-553A-EFDA440367AF}.Release|Any CPU.Build.0 = Release|Any CPU
		{EB769402-6F76-63BC-89E0-0A530F79D4F6}.Debug|Any CPU.ActiveCfg = Debug|Any CPU
		{EB769402-6F76-63BC-89E0-0A530F79D4F6}.Debug|Any CPU.Build.0 = Debug|Any CPU
		{EB769402-6F76-63BC-89E0-0A530F79D4F6}.Release|Any CPU.ActiveCfg = Release|Any CPU
		{EB769402-6F76-63BC-89E0-0A530F79D4F6}.Release|Any CPU.Build.0 = Release|Any CPU
		{8251C923-3A94-F29D-53E1-8F39249D21F9}.Debug|Any CPU.ActiveCfg = Debug|Any CPU
		{8251C923-3A94-F29D-53E1-8F39249D21F9}.Debug|Any CPU.Build.0 = Debug|Any CPU
		{8251C923-3A94-F29D-53E1-8F39249D21F9}.Release|Any CPU.ActiveCfg = Release|Any CPU
		{8251C923-3A94-F29D-53E1-8F39249D21F9}.Release|Any CPU.Build.0 = Release|Any CPU
	EndGlobalSection
	GlobalSection(SolutionProperties) = preSolution
		HideSolutionNode = FALSE
	EndGlobalSection
EndGlobal
