
Microsoft Visual Studio Solution File, Format Version 12.00
# Visual Studio 15
Project("{FAE04EC0-301F-11D3-BF4B-00C04F79EFBC}") = "VRM10.Tests", "VRM10.Tests.csproj", "{AC30BD86-ADA5-B678-FA23-E89C9A68785A}"
EndProject
Project("{FAE04EC0-301F-11D3-BF4B-00C04F79EFBC}") = "Mirror.Examples", "Mirror.Examples.csproj", "{C3E440E2-FF35-747A-AB67-52707246A051}"
EndProject
Project("{FAE04EC0-301F-11D3-BF4B-00C04F79EFBC}") = "Mirror", "Mirror.csproj", "{A4639CFB-AE11-09B0-0175-5209402BB963}"
EndProject
Project("{FAE04EC0-301F-11D3-BF4B-00C04F79EFBC}") = "UniHumanoid", "UniHumanoid.csproj", "{38A25731-B756-1E35-EE29-5C3FAB756506}"
EndProject
Project("{FAE04EC0-301F-11D3-BF4B-00C04F79EFBC}") = "Edgegap", "Edgegap.csproj", "{8CAF2534-9E67-AECE-CC93-5CC0D41B5634}"
EndProject
Project("{FAE04EC0-301F-11D3-BF4B-00C04F79EFBC}") = "VRM10.Editor", "VRM10.Editor.csproj", "{C7D0A34C-C50C-DD94-EABF-0130417FA769}"
EndProject
Project("{FAE04EC0-301F-11D3-BF4B-00C04F79EFBC}") = "Mirror.Transports", "Mirror.Transports.csproj", "{7A8EF78E-6052-D6E2-24B2-52AB3377E4C3}"
EndProject
Project("{FAE04EC0-301F-11D3-BF4B-00C04F79EFBC}") = "Assembly-CSharp", "Assembly-CSharp.csproj", "{F4DCF2EA-2C86-AB68-525D-0EBD7ABBA529}"
EndProject
Project("{FAE04EC0-301F-11D3-BF4B-00C04F79EFBC}") = "Mirror.Components", "Mirror.Components.csproj", "{114C97CC-D60D-08B3-360F-9B30034CB5EA}"
EndProject
Project("{FAE04EC0-301F-11D3-BF4B-00C04F79EFBC}") = "SpringBoneJobs", "SpringBoneJobs.csproj", "{099EF7D6-09B7-9F82-AF5B-FEC702C3D5E6}"
EndProject
Project("{FAE04EC0-301F-11D3-BF4B-00C04F79EFBC}") = "UniGLTF.Editor", "UniGLTF.Editor.csproj", "{9421B363-A0AB-81B7-EF44-E5807F3BCE8E}"
EndProject
Project("{FAE04EC0-301F-11D3-BF4B-00C04F79EFBC}") = "UniGLTF", "UniGLTF.csproj", "{EAF6BF01-A9D0-C537-6ADA-3058CE594B93}"
EndProject
Project("{FAE04EC0-301F-11D3-BF4B-00C04F79EFBC}") = "Unity.Mirror.CodeGen", "Unity.Mirror.CodeGen.csproj", "{6671F642-1620-5E3D-DD73-BE49EE209CEE}"
EndProject
Project("{FAE04EC0-301F-11D3-BF4B-00C04F79EFBC}") = "VRM10", "VRM10.csproj", "{590D5048-A7C4-650E-6208-04AA6BA461B7}"
EndProject
Project("{FAE04EC0-301F-11D3-BF4B-00C04F79EFBC}") = "UniGLTF.Tests", "UniGLTF.Tests.csproj", "{87C87EB0-20AF-A2D4-2CBA-B82C011AEFCD}"
EndProject
Project("{FAE04EC0-301F-11D3-BF4B-00C04F79EFBC}") = "Mirror.Editor", "Mirror.Editor.csproj", "{DDBAB314-CA88-4D13-6954-AE34288FE616}"
EndProject
Project("{FAE04EC0-301F-11D3-BF4B-00C04F79EFBC}") = "VRM10.MToon10", "VRM10.MToon10.csproj", "{24B34EE0-AAB3-E8BA-25B7-E6AB0EC32773}"
EndProject
Project("{FAE04EC0-301F-11D3-BF4B-00C04F79EFBC}") = "Telepathy", "Telepathy.csproj", "{546BE290-C58A-0B4C-E70F-1AFACB97EA69}"
EndProject
Project("{FAE04EC0-301F-11D3-BF4B-00C04F79EFBC}") = "SimpleWebTransport", "SimpleWebTransport.csproj", "{B9D01CD3-9605-1064-B976-8AC548462AC0}"
EndProject
Project("{FAE04EC0-301F-11D3-BF4B-00C04F79EFBC}") = "kcp2k", "kcp2k.csproj", "{2F3892CD-A087-B413-EFDD-3E9C52A9D047}"
EndProject
Project("{FAE04EC0-301F-11D3-BF4B-00C04F79EFBC}") = "VrmLib", "VrmLib.csproj", "{21FF02F4-0F5A-1757-80E9-78182F838465}"
EndProject
Project("{FAE04EC0-301F-11D3-BF4B-00C04F79EFBC}") = "UniHumanoid.Editor", "UniHumanoid.Editor.csproj", "{84B724E1-0B41-A756-6CF1-AA9F8F1EDCE2}"
EndProject
Project("{FAE04EC0-301F-11D3-BF4B-00C04F79EFBC}") = "VrmLibTests", "VrmLibTests.csproj", "{E1502885-3328-D0B3-13B1-39AE799BB6C2}"
EndProject
Project("{FAE04EC0-301F-11D3-BF4B-00C04F79EFBC}") = "Mirror.Authenticators", "Mirror.Authenticators.csproj", "{3977D95B-24A3-F028-CDF6-F5D28BDDD472}"
EndProject
Project("{FAE04EC0-301F-11D3-BF4B-00C04F79EFBC}") = "UniGLTF.UniUnlit", "UniGLTF.UniUnlit.csproj", "{524427F5-E12C-AFB8-242C-8B9FE3EB0BEB}"
EndProject
Project("{FAE04EC0-301F-11D3-BF4B-00C04F79EFBC}") = "FastSpringBone10", "FastSpringBone10.csproj", "{809BB0FF-F759-23F7-A0B3-DE89D6F24783}"
EndProject
Project("{FAE04EC0-301F-11D3-BF4B-00C04F79EFBC}") = "UniHumanoid.Editor.Tests", "UniHumanoid.Editor.Tests.csproj", "{40266995-5BD6-119A-8FEB-553145442017}"
EndProject
Project("{FAE04EC0-301F-11D3-BF4B-00C04F79EFBC}") = "EncryptionTransportEditor", "EncryptionTransportEditor.csproj", "{FCE1B8DF-E47A-06DD-050A-12FB6F4C3314}"
EndProject
Project("{FAE04EC0-301F-11D3-BF4B-00C04F79EFBC}") = "UniGLTF.UniUnlit.Editor", "UniGLTF.UniUnlit.Editor.csproj", "{BE559AB9-E30E-C084-DB63-21D9669C21B7}"
EndProject
Project("{FAE04EC0-301F-11D3-BF4B-00C04F79EFBC}") = "UniGLTF.Utils", "UniGLTF.Utils.csproj", "{66D54741-42C3-2C5B-FBE9-DF444DF7CF6E}"
EndProject
Project("{FAE04EC0-301F-11D3-BF4B-00C04F79EFBC}") = "VRM10.MToon10.Editor", "VRM10.MToon10.Editor.csproj", "{5E3316D8-B3C7-2369-0E2F-8D48D2F9D595}"
EndProject
Project("{FAE04EC0-301F-11D3-BF4B-00C04F79EFBC}") = "Mirror.CompilerSymbols", "Mirror.CompilerSymbols.csproj", "{3F7FED0D-9CCA-07D8-1EC3-343944A22FC0}"
EndProject
Project("{FAE04EC0-301F-11D3-BF4B-00C04F79EFBC}") = "VRM10.MToon10.Tests", "VRM10.MToon10.Tests.csproj", "{9D478DBF-AED6-9CCE-8D5C-1004774D6478}"
EndProject
Global
	GlobalSection(SolutionConfigurationPlatforms) = preSolution
		Debug|Any CPU = Debug|Any CPU
		Release|Any CPU = Release|Any CPU
	EndGlobalSection
	GlobalSection(ProjectConfigurationPlatforms) = postSolution
		{AC30BD86-ADA5-B678-FA23-E89C9A68785A}.Debug|Any CPU.ActiveCfg = Debug|Any CPU
		{AC30BD86-ADA5-B678-FA23-E89C9A68785A}.Debug|Any CPU.Build.0 = Debug|Any CPU
		{AC30BD86-ADA5-B678-FA23-E89C9A68785A}.Release|Any CPU.ActiveCfg = Release|Any CPU
		{AC30BD86-ADA5-B678-FA23-E89C9A68785A}.Release|Any CPU.Build.0 = Release|Any CPU
		{C3E440E2-FF35-747A-AB67-52707246A051}.Debug|Any CPU.ActiveCfg = Debug|Any CPU
		{C3E440E2-FF35-747A-AB67-52707246A051}.Debug|Any CPU.Build.0 = Debug|Any CPU
		{C3E440E2-FF35-747A-AB67-52707246A051}.Release|Any CPU.ActiveCfg = Release|Any CPU
		{C3E440E2-FF35-747A-AB67-52707246A051}.Release|Any CPU.Build.0 = Release|Any CPU
		{A4639CFB-AE11-09B0-0175-5209402BB963}.Debug|Any CPU.ActiveCfg = Debug|Any CPU
		{A4639CFB-AE11-09B0-0175-5209402BB963}.Debug|Any CPU.Build.0 = Debug|Any CPU
		{A4639CFB-AE11-09B0-0175-5209402BB963}.Release|Any CPU.ActiveCfg = Release|Any CPU
		{A4639CFB-AE11-09B0-0175-5209402BB963}.Release|Any CPU.Build.0 = Release|Any CPU
		{38A25731-B756-1E35-EE29-5C3FAB756506}.Debug|Any CPU.ActiveCfg = Debug|Any CPU
		{38A25731-B756-1E35-EE29-5C3FAB756506}.Debug|Any CPU.Build.0 = Debug|Any CPU
		{38A25731-B756-1E35-EE29-5C3FAB756506}.Release|Any CPU.ActiveCfg = Release|Any CPU
		{38A25731-B756-1E35-EE29-5C3FAB756506}.Release|Any CPU.Build.0 = Release|Any CPU
		{8CAF2534-9E67-AECE-CC93-5CC0D41B5634}.Debug|Any CPU.ActiveCfg = Debug|Any CPU
		{8CAF2534-9E67-AECE-CC93-5CC0D41B5634}.Debug|Any CPU.Build.0 = Debug|Any CPU
		{8CAF2534-9E67-AECE-CC93-5CC0D41B5634}.Release|Any CPU.ActiveCfg = Release|Any CPU
		{8CAF2534-9E67-AECE-CC93-5CC0D41B5634}.Release|Any CPU.Build.0 = Release|Any CPU
		{C7D0A34C-C50C-DD94-EABF-0130417FA769}.Debug|Any CPU.ActiveCfg = Debug|Any CPU
		{C7D0A34C-C50C-DD94-EABF-0130417FA769}.Debug|Any CPU.Build.0 = Debug|Any CPU
		{C7D0A34C-C50C-DD94-EABF-0130417FA769}.Release|Any CPU.ActiveCfg = Release|Any CPU
		{C7D0A34C-C50C-DD94-EABF-0130417FA769}.Release|Any CPU.Build.0 = Release|Any CPU
		{7A8EF78E-6052-D6E2-24B2-52AB3377E4C3}.Debug|Any CPU.ActiveCfg = Debug|Any CPU
		{7A8EF78E-6052-D6E2-24B2-52AB3377E4C3}.Debug|Any CPU.Build.0 = Debug|Any CPU
		{7A8EF78E-6052-D6E2-24B2-52AB3377E4C3}.Release|Any CPU.ActiveCfg = Release|Any CPU
		{7A8EF78E-6052-D6E2-24B2-52AB3377E4C3}.Release|Any CPU.Build.0 = Release|Any CPU
		{F4DCF2EA-2C86-AB68-525D-0EBD7ABBA529}.Debug|Any CPU.ActiveCfg = Debug|Any CPU
		{F4DCF2EA-2C86-AB68-525D-0EBD7ABBA529}.Debug|Any CPU.Build.0 = Debug|Any CPU
		{F4DCF2EA-2C86-AB68-525D-0EBD7ABBA529}.Release|Any CPU.ActiveCfg = Release|Any CPU
		{F4DCF2EA-2C86-AB68-525D-0EBD7ABBA529}.Release|Any CPU.Build.0 = Release|Any CPU
		{114C97CC-D60D-08B3-360F-9B30034CB5EA}.Debug|Any CPU.ActiveCfg = Debug|Any CPU
		{114C97CC-D60D-08B3-360F-9B30034CB5EA}.Debug|Any CPU.Build.0 = Debug|Any CPU
		{114C97CC-D60D-08B3-360F-9B30034CB5EA}.Release|Any CPU.ActiveCfg = Release|Any CPU
		{114C97CC-D60D-08B3-360F-9B30034CB5EA}.Release|Any CPU.Build.0 = Release|Any CPU
		{099EF7D6-09B7-9F82-AF5B-FEC702C3D5E6}.Debug|Any CPU.ActiveCfg = Debug|Any CPU
		{099EF7D6-09B7-9F82-AF5B-FEC702C3D5E6}.Debug|Any CPU.Build.0 = Debug|Any CPU
		{099EF7D6-09B7-9F82-AF5B-FEC702C3D5E6}.Release|Any CPU.ActiveCfg = Release|Any CPU
		{099EF7D6-09B7-9F82-AF5B-FEC702C3D5E6}.Release|Any CPU.Build.0 = Release|Any CPU
		{9421B363-A0AB-81B7-EF44-E5807F3BCE8E}.Debug|Any CPU.ActiveCfg = Debug|Any CPU
		{9421B363-A0AB-81B7-EF44-E5807F3BCE8E}.Debug|Any CPU.Build.0 = Debug|Any CPU
		{9421B363-A0AB-81B7-EF44-E5807F3BCE8E}.Release|Any CPU.ActiveCfg = Release|Any CPU
		{9421B363-A0AB-81B7-EF44-E5807F3BCE8E}.Release|Any CPU.Build.0 = Release|Any CPU
		{EAF6BF01-A9D0-C537-6ADA-3058CE594B93}.Debug|Any CPU.ActiveCfg = Debug|Any CPU
		{EAF6BF01-A9D0-C537-6ADA-3058CE594B93}.Debug|Any CPU.Build.0 = Debug|Any CPU
		{EAF6BF01-A9D0-C537-6ADA-3058CE594B93}.Release|Any CPU.ActiveCfg = Release|Any CPU
		{EAF6BF01-A9D0-C537-6ADA-3058CE594B93}.Release|Any CPU.Build.0 = Release|Any CPU
		{6671F642-1620-5E3D-DD73-BE49EE209CEE}.Debug|Any CPU.ActiveCfg = Debug|Any CPU
		{6671F642-1620-5E3D-DD73-BE49EE209CEE}.Debug|Any CPU.Build.0 = Debug|Any CPU
		{6671F642-1620-5E3D-DD73-BE49EE209CEE}.Release|Any CPU.ActiveCfg = Release|Any CPU
		{6671F642-1620-5E3D-DD73-BE49EE209CEE}.Release|Any CPU.Build.0 = Release|Any CPU
		{590D5048-A7C4-650E-6208-04AA6BA461B7}.Debug|Any CPU.ActiveCfg = Debug|Any CPU
		{590D5048-A7C4-650E-6208-04AA6BA461B7}.Debug|Any CPU.Build.0 = Debug|Any CPU
		{590D5048-A7C4-650E-6208-04AA6BA461B7}.Release|Any CPU.ActiveCfg = Release|Any CPU
		{590D5048-A7C4-650E-6208-04AA6BA461B7}.Release|Any CPU.Build.0 = Release|Any CPU
		{87C87EB0-20AF-A2D4-2CBA-B82C011AEFCD}.Debug|Any CPU.ActiveCfg = Debug|Any CPU
		{87C87EB0-20AF-A2D4-2CBA-B82C011AEFCD}.Debug|Any CPU.Build.0 = Debug|Any CPU
		{87C87EB0-20AF-A2D4-2CBA-B82C011AEFCD}.Release|Any CPU.ActiveCfg = Release|Any CPU
		{87C87EB0-20AF-A2D4-2CBA-B82C011AEFCD}.Release|Any CPU.Build.0 = Release|Any CPU
		{DDBAB314-CA88-4D13-6954-AE34288FE616}.Debug|Any CPU.ActiveCfg = Debug|Any CPU
		{DDBAB314-CA88-4D13-6954-AE34288FE616}.Debug|Any CPU.Build.0 = Debug|Any CPU
		{DDBAB314-CA88-4D13-6954-AE34288FE616}.Release|Any CPU.ActiveCfg = Release|Any CPU
		{DDBAB314-CA88-4D13-6954-AE34288FE616}.Release|Any CPU.Build.0 = Release|Any CPU
		{24B34EE0-AAB3-E8BA-25B7-E6AB0EC32773}.Debug|Any CPU.ActiveCfg = Debug|Any CPU
		{24B34EE0-AAB3-E8BA-25B7-E6AB0EC32773}.Debug|Any CPU.Build.0 = Debug|Any CPU
		{24B34EE0-AAB3-E8BA-25B7-E6AB0EC32773}.Release|Any CPU.ActiveCfg = Release|Any CPU
		{24B34EE0-AAB3-E8BA-25B7-E6AB0EC32773}.Release|Any CPU.Build.0 = Release|Any CPU
		{546BE290-C58A-0B4C-E70F-1AFACB97EA69}.Debug|Any CPU.ActiveCfg = Debug|Any CPU
		{546BE290-C58A-0B4C-E70F-1AFACB97EA69}.Debug|Any CPU.Build.0 = Debug|Any CPU
		{546BE290-C58A-0B4C-E70F-1AFACB97EA69}.Release|Any CPU.ActiveCfg = Release|Any CPU
		{546BE290-C58A-0B4C-E70F-1AFACB97EA69}.Release|Any CPU.Build.0 = Release|Any CPU
		{B9D01CD3-9605-1064-B976-8AC548462AC0}.Debug|Any CPU.ActiveCfg = Debug|Any CPU
		{B9D01CD3-9605-1064-B976-8AC548462AC0}.Debug|Any CPU.Build.0 = Debug|Any CPU
		{B9D01CD3-9605-1064-B976-8AC548462AC0}.Release|Any CPU.ActiveCfg = Release|Any CPU
		{B9D01CD3-9605-1064-B976-8AC548462AC0}.Release|Any CPU.Build.0 = Release|Any CPU
		{2F3892CD-A087-B413-EFDD-3E9C52A9D047}.Debug|Any CPU.ActiveCfg = Debug|Any CPU
		{2F3892CD-A087-B413-EFDD-3E9C52A9D047}.Debug|Any CPU.Build.0 = Debug|Any CPU
		{2F3892CD-A087-B413-EFDD-3E9C52A9D047}.Release|Any CPU.ActiveCfg = Release|Any CPU
		{2F3892CD-A087-B413-EFDD-3E9C52A9D047}.Release|Any CPU.Build.0 = Release|Any CPU
		{21FF02F4-0F5A-1757-80E9-78182F838465}.Debug|Any CPU.ActiveCfg = Debug|Any CPU
		{21FF02F4-0F5A-1757-80E9-78182F838465}.Debug|Any CPU.Build.0 = Debug|Any CPU
		{21FF02F4-0F5A-1757-80E9-78182F838465}.Release|Any CPU.ActiveCfg = Release|Any CPU
		{21FF02F4-0F5A-1757-80E9-78182F838465}.Release|Any CPU.Build.0 = Release|Any CPU
		{84B724E1-0B41-A756-6CF1-AA9F8F1EDCE2}.Debug|Any CPU.ActiveCfg = Debug|Any CPU
		{84B724E1-0B41-A756-6CF1-AA9F8F1EDCE2}.Debug|Any CPU.Build.0 = Debug|Any CPU
		{84B724E1-0B41-A756-6CF1-AA9F8F1EDCE2}.Release|Any CPU.ActiveCfg = Release|Any CPU
		{84B724E1-0B41-A756-6CF1-AA9F8F1EDCE2}.Release|Any CPU.Build.0 = Release|Any CPU
		{E1502885-3328-D0B3-13B1-39AE799BB6C2}.Debug|Any CPU.ActiveCfg = Debug|Any CPU
		{E1502885-3328-D0B3-13B1-39AE799BB6C2}.Debug|Any CPU.Build.0 = Debug|Any CPU
		{E1502885-3328-D0B3-13B1-39AE799BB6C2}.Release|Any CPU.ActiveCfg = Release|Any CPU
		{E1502885-3328-D0B3-13B1-39AE799BB6C2}.Release|Any CPU.Build.0 = Release|Any CPU
		{3977D95B-24A3-F028-CDF6-F5D28BDDD472}.Debug|Any CPU.ActiveCfg = Debug|Any CPU
		{3977D95B-24A3-F028-CDF6-F5D28BDDD472}.Debug|Any CPU.Build.0 = Debug|Any CPU
		{3977D95B-24A3-F028-CDF6-F5D28BDDD472}.Release|Any CPU.ActiveCfg = Release|Any CPU
		{3977D95B-24A3-F028-CDF6-F5D28BDDD472}.Release|Any CPU.Build.0 = Release|Any CPU
		{524427F5-E12C-AFB8-242C-8B9FE3EB0BEB}.Debug|Any CPU.ActiveCfg = Debug|Any CPU
		{524427F5-E12C-AFB8-242C-8B9FE3EB0BEB}.Debug|Any CPU.Build.0 = Debug|Any CPU
		{524427F5-E12C-AFB8-242C-8B9FE3EB0BEB}.Release|Any CPU.ActiveCfg = Release|Any CPU
		{524427F5-E12C-AFB8-242C-8B9FE3EB0BEB}.Release|Any CPU.Build.0 = Release|Any CPU
		{809BB0FF-F759-23F7-A0B3-DE89D6F24783}.Debug|Any CPU.ActiveCfg = Debug|Any CPU
		{809BB0FF-F759-23F7-A0B3-DE89D6F24783}.Debug|Any CPU.Build.0 = Debug|Any CPU
		{809BB0FF-F759-23F7-A0B3-DE89D6F24783}.Release|Any CPU.ActiveCfg = Release|Any CPU
		{809BB0FF-F759-23F7-A0B3-DE89D6F24783}.Release|Any CPU.Build.0 = Release|Any CPU
		{40266995-5BD6-119A-8FEB-553145442017}.Debug|Any CPU.ActiveCfg = Debug|Any CPU
		{40266995-5BD6-119A-8FEB-553145442017}.Debug|Any CPU.Build.0 = Debug|Any CPU
		{40266995-5BD6-119A-8FEB-553145442017}.Release|Any CPU.ActiveCfg = Release|Any CPU
		{40266995-5BD6-119A-8FEB-553145442017}.Release|Any CPU.Build.0 = Release|Any CPU
		{FCE1B8DF-E47A-06DD-050A-12FB6F4C3314}.Debug|Any CPU.ActiveCfg = Debug|Any CPU
		{FCE1B8DF-E47A-06DD-050A-12FB6F4C3314}.Debug|Any CPU.Build.0 = Debug|Any CPU
		{FCE1B8DF-E47A-06DD-050A-12FB6F4C3314}.Release|Any CPU.ActiveCfg = Release|Any CPU
		{FCE1B8DF-E47A-06DD-050A-12FB6F4C3314}.Release|Any CPU.Build.0 = Release|Any CPU
		{BE559AB9-E30E-C084-DB63-21D9669C21B7}.Debug|Any CPU.ActiveCfg = Debug|Any CPU
		{BE559AB9-E30E-C084-DB63-21D9669C21B7}.Debug|Any CPU.Build.0 = Debug|Any CPU
		{BE559AB9-E30E-C084-DB63-21D9669C21B7}.Release|Any CPU.ActiveCfg = Release|Any CPU
		{BE559AB9-E30E-C084-DB63-21D9669C21B7}.Release|Any CPU.Build.0 = Release|Any CPU
		{66D54741-42C3-2C5B-FBE9-DF444DF7CF6E}.Debug|Any CPU.ActiveCfg = Debug|Any CPU
		{66D54741-42C3-2C5B-FBE9-DF444DF7CF6E}.Debug|Any CPU.Build.0 = Debug|Any CPU
		{66D54741-42C3-2C5B-FBE9-DF444DF7CF6E}.Release|Any CPU.ActiveCfg = Release|Any CPU
		{66D54741-42C3-2C5B-FBE9-DF444DF7CF6E}.Release|Any CPU.Build.0 = Release|Any CPU
		{5E3316D8-B3C7-2369-0E2F-8D48D2F9D595}.Debug|Any CPU.ActiveCfg = Debug|Any CPU
		{5E3316D8-B3C7-2369-0E2F-8D48D2F9D595}.Debug|Any CPU.Build.0 = Debug|Any CPU
		{5E3316D8-B3C7-2369-0E2F-8D48D2F9D595}.Release|Any CPU.ActiveCfg = Release|Any CPU
		{5E3316D8-B3C7-2369-0E2F-8D48D2F9D595}.Release|Any CPU.Build.0 = Release|Any CPU
		{3F7FED0D-9CCA-07D8-1EC3-343944A22FC0}.Debug|Any CPU.ActiveCfg = Debug|Any CPU
		{3F7FED0D-9CCA-07D8-1EC3-343944A22FC0}.Debug|Any CPU.Build.0 = Debug|Any CPU
		{3F7FED0D-9CCA-07D8-1EC3-343944A22FC0}.Release|Any CPU.ActiveCfg = Release|Any CPU
		{3F7FED0D-9CCA-07D8-1EC3-343944A22FC0}.Release|Any CPU.Build.0 = Release|Any CPU
		{9D478DBF-AED6-9CCE-8D5C-1004774D6478}.Debug|Any CPU.ActiveCfg = Debug|Any CPU
		{9D478DBF-AED6-9CCE-8D5C-1004774D6478}.Debug|Any CPU.Build.0 = Debug|Any CPU
		{9D478DBF-AED6-9CCE-8D5C-1004774D6478}.Release|Any CPU.ActiveCfg = Release|Any CPU
		{9D478DBF-AED6-9CCE-8D5C-1004774D6478}.Release|Any CPU.Build.0 = Release|Any CPU
	EndGlobalSection
	GlobalSection(SolutionProperties) = preSolution
		HideSolutionNode = FALSE
	EndGlobalSection
EndGlobal
